
Microsoft Visual Studio Solution File, Format Version 12.00
# Visual Studio 2013
VisualStudioVersion = 12.0.31101.0
MinimumVisualStudioVersion = 10.0.40219.1
Project("{FAE04EC0-301F-11D3-BF4B-00C04F79EFBC}") = "ProjectFood", "ProjectFood\ProjectFood.csproj", "{1DE9C96B-20BF-4601-99D9-3358ED13B09B}"
EndProject
Project("{FAE04EC0-301F-11D3-BF4B-00C04F79EFBC}") = "ProjectFood.Tests", "ProjectFood.Tests\ProjectFood.Tests.csproj", "{91EA6756-99D0-4A34-B6B1-3D6B3ACC5A5E}"
EndProject
Project("{F088123C-0E9E-452A-89E6-6BA2F21D5CAC}") = "PF.UML", "PF.UML\PF.UML.modelproj", "{CAA7B044-D5A4-4ACB-A700-F98D28FEF9CC}"
EndProject
Global
	GlobalSection(SolutionConfigurationPlatforms) = preSolution
		Debug|Any CPU = Debug|Any CPU
		Release|Any CPU = Release|Any CPU
	EndGlobalSection
	GlobalSection(ProjectConfigurationPlatforms) = postSolution
		{1DE9C96B-20BF-4601-99D9-3358ED13B09B}.Debug|Any CPU.ActiveCfg = Debug|Any CPU
		{1DE9C96B-20BF-4601-99D9-3358ED13B09B}.Debug|Any CPU.Build.0 = Debug|Any CPU
		{1DE9C96B-20BF-4601-99D9-3358ED13B09B}.Release|Any CPU.ActiveCfg = Release|Any CPU
		{1DE9C96B-20BF-4601-99D9-3358ED13B09B}.Release|Any CPU.Build.0 = Release|Any CPU
		{91EA6756-99D0-4A34-B6B1-3D6B3ACC5A5E}.Debug|Any CPU.ActiveCfg = Debug|Any CPU
		{91EA6756-99D0-4A34-B6B1-3D6B3ACC5A5E}.Debug|Any CPU.Build.0 = Debug|Any CPU
		{91EA6756-99D0-4A34-B6B1-3D6B3ACC5A5E}.Release|Any CPU.ActiveCfg = Release|Any CPU
		{91EA6756-99D0-4A34-B6B1-3D6B3ACC5A5E}.Release|Any CPU.Build.0 = Release|Any CPU
		{CAA7B044-D5A4-4ACB-A700-F98D28FEF9CC}.Debug|Any CPU.ActiveCfg = Debug|Any CPU
		{CAA7B044-D5A4-4ACB-A700-F98D28FEF9CC}.Debug|Any CPU.Build.0 = Debug|Any CPU
		{CAA7B044-D5A4-4ACB-A700-F98D28FEF9CC}.Release|Any CPU.ActiveCfg = Release|Any CPU
		{CAA7B044-D5A4-4ACB-A700-F98D28FEF9CC}.Release|Any CPU.Build.0 = Release|Any CPU
	EndGlobalSection
	GlobalSection(SolutionProperties) = preSolution
		HideSolutionNode = FALSE
	EndGlobalSection
EndGlobal
