
Microsoft Visual Studio Solution File, Format Version 12.00
# Visual Studio 2013
VisualStudioVersion = 12.0.30723.0
MinimumVisualStudioVersion = 10.0.40219.1
Project("{FAE04EC0-301F-11D3-BF4B-00C04F79EFBC}") = "ProjectFood", "ProjectFood\ProjectFood.csproj", "{1DE9C96B-20BF-4601-99D9-3358ED13B09B}"
EndProject
Global
	GlobalSection(SolutionConfigurationPlatforms) = preSolution
		Debug|Any CPU = Debug|Any CPU
		Release|Any CPU = Release|Any CPU
	EndGlobalSection
	GlobalSection(ProjectConfigurationPlatforms) = postSolution
		{1DE9C96B-20BF-4601-99D9-3358ED13B09B}.Debug|Any CPU.ActiveCfg = Debug|Any CPU
		{1DE9C96B-20BF-4601-99D9-3358ED13B09B}.Debug|Any CPU.Build.0 = Debug|Any CPU
		{1DE9C96B-20BF-4601-99D9-3358ED13B09B}.Release|Any CPU.ActiveCfg = Release|Any CPU
		{1DE9C96B-20BF-4601-99D9-3358ED13B09B}.Release|Any CPU.Build.0 = Release|Any CPU
	EndGlobalSection
	GlobalSection(SolutionProperties) = preSolution
		HideSolutionNode = FALSE
	EndGlobalSection
EndGlobal
